
Microsoft Visual Studio Solution File, Format Version 12.00
# Visual Studio 15
VisualStudioVersion = 15.0.27703.2042
MinimumVisualStudioVersion = 10.0.40219.1
Project("{FAE04EC0-301F-11D3-BF4B-00C04F79EFBC}") = "BuilderAndPrototype", "BuilderAndPrototype\BuilderAndPrototype.csproj", "{482B1961-CFBA-414C-98AE-943A59214F89}"
EndProject
Global
	GlobalSection(SolutionConfigurationPlatforms) = preSolution
		Debug|Any CPU = Debug|Any CPU
		Release|Any CPU = Release|Any CPU
	EndGlobalSection
	GlobalSection(ProjectConfigurationPlatforms) = postSolution
		{482B1961-CFBA-414C-98AE-943A59214F89}.Debug|Any CPU.ActiveCfg = Debug|Any CPU
		{482B1961-CFBA-414C-98AE-943A59214F89}.Debug|Any CPU.Build.0 = Debug|Any CPU
		{482B1961-CFBA-414C-98AE-943A59214F89}.Release|Any CPU.ActiveCfg = Release|Any CPU
		{482B1961-CFBA-414C-98AE-943A59214F89}.Release|Any CPU.Build.0 = Release|Any CPU
	EndGlobalSection
	GlobalSection(SolutionProperties) = preSolution
		HideSolutionNode = FALSE
	EndGlobalSection
	GlobalSection(ExtensibilityGlobals) = postSolution
		SolutionGuid = {72714BE4-2B39-440C-BF30-79D6C23D150C}
	EndGlobalSection
EndGlobal
